# This file is automatically @generated by Cargo.
# It is not intended for manual editing.
version = 4

[[package]]
name = "NPClient64"
version = "0.4.0"
dependencies = [
 "tobii-bridge-core",
 "tobii-output",
]

[[package]]
name = "freetrackclient64"
version = "0.4.0"
dependencies = [
 "tobii-bridge-core",
 "tobii-output",
]

[[package]]
name = "libc"
version = "0.2.189"
source = "registry+https://github.com/rust-lang/crates.io-index"
checksum = "3eaf3ede3fee6db1a4c2ee091bf8a8b4dccdc6d17f656fb07896ee72867612f2"

[[package]]
name = "tobii-bridge"
version = "0.4.0"
dependencies = [
 "tobii-bridge-core",
 "tobii-output",
]

[[package]]
name = "tobii-bridge-core"
version = "0.4.0"
dependencies = [
 "tobii-output",
]

[[package]]
name = "tobii-config"
version = "0.4.0"
dependencies = [
 "tobii-protocol",
]

[[package]]
name = "tobii-headpose"
version = "0.4.0"
dependencies = [
 "tobii-config",
 "tobii-protocol",
]

[[package]]
name = "tobii-output"
version = "0.4.0"
dependencies = [
 "libc",
 "tobii-config",
 "tobii-headpose",
 "tobii-protocol",
]

[[package]]
name = "tobii-protocol"
version = "0.4.0"
