# This file is automatically @generated by Cargo.
# It is not intended for manual editing.
version = 4

[[package]]
name = "NPClient64"
version = "0.1.0"
dependencies = [
 "tobii-bridge-core",
 "tobii-output",
]

[[package]]
name = "freetrackclient64"
version = "0.1.0"
dependencies = [
 "tobii-bridge-core",
 "tobii-output",
]

[[package]]
name = "tobii-bridge"
version = "0.1.0"
dependencies = [
 "tobii-bridge-core",
 "tobii-output",
]

[[package]]
name = "tobii-bridge-core"
version = "0.1.0"
dependencies = [
 "tobii-output",
]

[[package]]
name = "tobii-config"
version = "0.1.0"
dependencies = [
 "tobii-protocol",
]

[[package]]
name = "tobii-headpose"
version = "0.1.0"
dependencies = [
 "tobii-config",
 "tobii-protocol",
]

[[package]]
name = "tobii-output"
version = "0.1.0"
dependencies = [
 "tobii-config",
 "tobii-headpose",
 "tobii-protocol",
]

[[package]]
name = "tobii-protocol"
version = "0.1.0"
